// !$*UTF8*$!
{
	archiveVersion = 1;
	classes = {
	};
	objectVersion = 46;
	objects = {

/* Begin PBXBuildFile section */
		120170251BDAA9F100A440E4 /* ipsat_nucleons.cpp in Sources */ = {isa = PBXBuildFile; fileRef = 120170231BDAA9F100A440E4 /* ipsat_nucleons.cpp */; };
		1217F7821C0509E50008A90C /* nucleons.cpp in Sources */ = {isa = PBXBuildFile; fileRef = 1217F7801C0509E50008A90C /* nucleons.cpp */; };
		1217F7851C11EA830008A90C /* sample_color_charges.cpp in Sources */ = {isa = PBXBuildFile; fileRef = 1217F7831C11EA830008A90C /* sample_color_charges.cpp */; };
		123E8F881BFA76F700681374 /* ipsat_proton.cpp in Sources */ = {isa = PBXBuildFile; fileRef = 123E8F861BFA76F700681374 /* ipsat_proton.cpp */; };
		12F504E61BECEFA3005540EF /* subnucleon_config.cpp in Sources */ = {isa = PBXBuildFile; fileRef = 12F504E51BECEFA3005540EF /* subnucleon_config.cpp */; };
		12F69EFB1BE162F00045E7DD /* wilsonline.cpp in Sources */ = {isa = PBXBuildFile; fileRef = 12F69EF91BE162F00045E7DD /* wilsonline.cpp */; };
		12F69EFE1BE16FE10045E7DD /* ipglasma.cpp in Sources */ = {isa = PBXBuildFile; fileRef = 12F69EFC1BE16FE10045E7DD /* ipglasma.cpp */; };
		1349C3F71C29CF1500B8EBA7 /* dipxs_intb.cpp in Sources */ = {isa = PBXBuildFile; fileRef = 1349C3F51C29CF1500B8EBA7 /* dipxs_intb.cpp */; };
		1349C3F91C29F38B00B8EBA7 /* satscale.cpp in Sources */ = {isa = PBXBuildFile; fileRef = 1349C3F81C29F38B00B8EBA7 /* satscale.cpp */; };
		137168441C9C3E76002C9873 /* basis_expansion.cpp in Sources */ = {isa = PBXBuildFile; fileRef = 137168431C9C3E76002C9873 /* basis_expansion.cpp */; };
		138FE4A71C7BC85F0078E11F /* average_amplitude.cpp in Sources */ = {isa = PBXBuildFile; fileRef = 138FE4A61C7BC85F0078E11F /* average_amplitude.cpp */; };
		13E399D01CFF6B61002471F5 /* dis.cpp in Sources */ = {isa = PBXBuildFile; fileRef = 13E399CE1CFF6B61002471F5 /* dis.cpp */; };
		13E8924D1D63B62000DA2C38 /* modified_ipsat.cpp in Sources */ = {isa = PBXBuildFile; fileRef = 13E8924C1D63B62000DA2C38 /* modified_ipsat.cpp */; };
/* End PBXBuildFile section */

/* Begin PBXCopyFilesBuildPhase section */
		120170161BDA883A00A440E4 /* CopyFiles */ = {
			isa = PBXCopyFilesBuildPhase;
			buildActionMask = 2147483647;
			dstPath = /usr/share/man/man1/;
			dstSubfolderSpec = 0;
			files = (
			);
			runOnlyForDeploymentPostprocessing = 1;
		};
/* End PBXCopyFilesBuildPhase section */

/* Begin PBXFileReference section */
		120170121BDA7EE600A440E4 /* gdist_dglap.cpp */ = {isa = PBXFileReference; fileEncoding = 4; lastKnownFileType = sourcecode.cpp.cpp; name = gdist_dglap.cpp; path = src/gdist_dglap.cpp; sourceTree = "<group>"; };
		120170131BDA7EE600A440E4 /* gdist_dglap.hpp */ = {isa = PBXFileReference; fileEncoding = 4; lastKnownFileType = sourcecode.cpp.h; name = gdist_dglap.hpp; path = src/gdist_dglap.hpp; sourceTree = "<group>"; };
		120170181BDA883A00A440E4 /* SubNucleonDiffraction */ = {isa = PBXFileReference; explicitFileType = "compiled.mach-o.executable"; includeInIndex = 0; path = SubNucleonDiffraction; sourceTree = BUILT_PRODUCTS_DIR; };
		120170231BDAA9F100A440E4 /* ipsat_nucleons.cpp */ = {isa = PBXFileReference; fileEncoding = 4; lastKnownFileType = sourcecode.cpp.cpp; name = ipsat_nucleons.cpp; path = src/ipsat_nucleons.cpp; sourceTree = "<group>"; };
		120170241BDAA9F100A440E4 /* ipsat_nucleons.hpp */ = {isa = PBXFileReference; fileEncoding = 4; lastKnownFileType = sourcecode.cpp.h; name = ipsat_nucleons.hpp; path = src/ipsat_nucleons.hpp; sourceTree = "<group>"; };
		12117B6B1BDE537700D2BF9A /* vector.cpp */ = {isa = PBXFileReference; fileEncoding = 4; lastKnownFileType = sourcecode.cpp.cpp; name = vector.cpp; path = src/vector.cpp; sourceTree = "<group>"; };
		12117B6C1BDE537700D2BF9A /* vector.hpp */ = {isa = PBXFileReference; fileEncoding = 4; lastKnownFileType = sourcecode.cpp.h; name = vector.hpp; path = src/vector.hpp; sourceTree = "<group>"; };
		1217F7801C0509E50008A90C /* nucleons.cpp */ = {isa = PBXFileReference; fileEncoding = 4; lastKnownFileType = sourcecode.cpp.cpp; name = nucleons.cpp; path = src/nucleons.cpp; sourceTree = "<group>"; };
		1217F7811C0509E50008A90C /* nucleons.hpp */ = {isa = PBXFileReference; fileEncoding = 4; lastKnownFileType = sourcecode.cpp.h; name = nucleons.hpp; path = src/nucleons.hpp; sourceTree = "<group>"; };
		1217F7831C11EA830008A90C /* sample_color_charges.cpp */ = {isa = PBXFileReference; fileEncoding = 4; lastKnownFileType = sourcecode.cpp.cpp; name = sample_color_charges.cpp; path = tools/sample_color_charges.cpp; sourceTree = "<group>"; };
		1217F7841C11EA830008A90C /* sample_color_charges.hpp */ = {isa = PBXFileReference; fileEncoding = 4; lastKnownFileType = sourcecode.cpp.h; name = sample_color_charges.hpp; path = tools/sample_color_charges.hpp; sourceTree = "<group>"; };
		123E8F861BFA76F700681374 /* ipsat_proton.cpp */ = {isa = PBXFileReference; fileEncoding = 4; lastKnownFileType = sourcecode.cpp.cpp; name = ipsat_proton.cpp; path = src/ipsat_proton.cpp; sourceTree = "<group>"; };
		123E8F871BFA76F700681374 /* ipsat_proton.hpp */ = {isa = PBXFileReference; fileEncoding = 4; lastKnownFileType = sourcecode.cpp.h; name = ipsat_proton.hpp; path = src/ipsat_proton.hpp; sourceTree = "<group>"; };
		124AC6961BE3A4940020E15E /* filelist.m */ = {isa = PBXFileReference; fileEncoding = 4; lastKnownFileType = sourcecode.c.objc; path = filelist.m; sourceTree = "<group>"; };
		128186081BDE9AB60062FF52 /* average_spectra.py */ = {isa = PBXFileReference; fileEncoding = 4; lastKnownFileType = text.script.python; name = average_spectra.py; path = tools/average_spectra.py; sourceTree = "<group>"; };
		12B519261BD976AB00230988 /* dipole.cpp */ = {isa = PBXFileReference; fileEncoding = 4; lastKnownFileType = sourcecode.cpp.cpp; name = dipole.cpp; path = src/dipole.cpp; sourceTree = "<group>"; };
		12B519271BD976AB00230988 /* dipole.hpp */ = {isa = PBXFileReference; fileEncoding = 4; lastKnownFileType = sourcecode.cpp.h; name = dipole.hpp; path = src/dipole.hpp; sourceTree = "<group>"; };
		12B519281BD976AB00230988 /* gauss_boost.cpp */ = {isa = PBXFileReference; fileEncoding = 4; lastKnownFileType = sourcecode.cpp.cpp; name = gauss_boost.cpp; path = src/gauss_boost.cpp; sourceTree = "<group>"; };
		12B519291BD976AB00230988 /* gauss_boost.hpp */ = {isa = PBXFileReference; fileEncoding = 4; lastKnownFileType = sourcecode.cpp.h; name = gauss_boost.hpp; path = src/gauss_boost.hpp; sourceTree = "<group>"; };
		12B5192A1BD976AB00230988 /* main.cpp */ = {isa = PBXFileReference; fileEncoding = 4; lastKnownFileType = sourcecode.cpp.cpp; name = main.cpp; path = src/main.cpp; sourceTree = "<group>"; };
		12B5192B1BD976AB00230988 /* wave_function.cpp */ = {isa = PBXFileReference; fileEncoding = 4; lastKnownFileType = sourcecode.cpp.cpp; name = wave_function.cpp; path = src/wave_function.cpp; sourceTree = "<group>"; };
		12B5192C1BD976AB00230988 /* wave_function.hpp */ = {isa = PBXFileReference; fileEncoding = 4; lastKnownFileType = sourcecode.cpp.h; name = wave_function.hpp; path = src/wave_function.hpp; sourceTree = "<group>"; };
		12B5192D1BD979D000230988 /* Makefile */ = {isa = PBXFileReference; fileEncoding = 4; lastKnownFileType = sourcecode.make; path = Makefile; sourceTree = "<group>"; usesTabs = 1; };
		12B5192E1BD9825400230988 /* tools.cpp */ = {isa = PBXFileReference; fileEncoding = 4; lastKnownFileType = sourcecode.cpp.cpp; name = tools.cpp; path = ../amplitudelib_v2/tools/tools.cpp; sourceTree = "<group>"; };
		12B5192F1BD9825400230988 /* tools.hpp */ = {isa = PBXFileReference; fileEncoding = 4; lastKnownFileType = sourcecode.cpp.h; name = tools.hpp; path = ../amplitudelib_v2/tools/tools.hpp; sourceTree = "<group>"; };
		12B519301BD982E700230988 /* tools */ = {isa = PBXFileReference; fileEncoding = 4; lastKnownFileType = folder; name = tools; path = ../amplitudelib_v2/tools; sourceTree = "<group>"; };
		12B519311BD98AB900230988 /* smooth_ws_nuke.cpp */ = {isa = PBXFileReference; fileEncoding = 4; lastKnownFileType = sourcecode.cpp.cpp; name = smooth_ws_nuke.cpp; path = src/smooth_ws_nuke.cpp; sourceTree = "<group>"; };
		12B519321BD98AB900230988 /* smooth_ws_nuke.hpp */ = {isa = PBXFileReference; fileEncoding = 4; lastKnownFileType = sourcecode.cpp.h; name = smooth_ws_nuke.hpp; path = src/smooth_ws_nuke.hpp; sourceTree = "<group>"; };
		12B519331BD98F8F00230988 /* diffraction.cpp */ = {isa = PBXFileReference; fileEncoding = 4; lastKnownFileType = sourcecode.cpp.cpp; name = diffraction.cpp; path = src/diffraction.cpp; sourceTree = "<group>"; };
		12B519341BD98F8F00230988 /* diffraction.hpp */ = {isa = PBXFileReference; fileEncoding = 4; lastKnownFileType = sourcecode.cpp.h; name = diffraction.hpp; path = src/diffraction.hpp; sourceTree = "<group>"; };
		12F504E51BECEFA3005540EF /* subnucleon_config.cpp */ = {isa = PBXFileReference; fileEncoding = 4; lastKnownFileType = sourcecode.cpp.cpp; name = subnucleon_config.cpp; path = src/subnucleon_config.cpp; sourceTree = "<group>"; };
		12F64BC41BE01203007C4F02 /* subnucleon_config.hpp */ = {isa = PBXFileReference; fileEncoding = 4; lastKnownFileType = sourcecode.cpp.h; name = subnucleon_config.hpp; path = src/subnucleon_config.hpp; sourceTree = "<group>"; };
		12F69EF91BE162F00045E7DD /* wilsonline.cpp */ = {isa = PBXFileReference; fileEncoding = 4; lastKnownFileType = sourcecode.cpp.cpp; name = wilsonline.cpp; path = src/wilsonline.cpp; sourceTree = "<group>"; };
		12F69EFA1BE162F00045E7DD /* wilsonline.hpp */ = {isa = PBXFileReference; fileEncoding = 4; lastKnownFileType = sourcecode.cpp.h; name = wilsonline.hpp; path = src/wilsonline.hpp; sourceTree = "<group>"; };
		12F69EFC1BE16FE10045E7DD /* ipglasma.cpp */ = {isa = PBXFileReference; fileEncoding = 4; lastKnownFileType = sourcecode.cpp.cpp; name = ipglasma.cpp; path = src/ipglasma.cpp; sourceTree = "<group>"; };
		12F69EFD1BE16FE10045E7DD /* ipglasma.hpp */ = {isa = PBXFileReference; fileEncoding = 4; lastKnownFileType = sourcecode.cpp.h; name = ipglasma.hpp; path = src/ipglasma.hpp; sourceTree = "<group>"; };
		132CC8E41E6474D800F69393 /* gaus_lc.cpp */ = {isa = PBXFileReference; fileEncoding = 4; lastKnownFileType = sourcecode.cpp.cpp; name = gaus_lc.cpp; path = src/gaus_lc.cpp; sourceTree = "<group>"; };
		132CC8E51E6474D800F69393 /* gaus_lc.h */ = {isa = PBXFileReference; fileEncoding = 4; lastKnownFileType = sourcecode.c.h; name = gaus_lc.h; path = src/gaus_lc.h; sourceTree = "<group>"; };
		1349C3F51C29CF1500B8EBA7 /* dipxs_intb.cpp */ = {isa = PBXFileReference; fileEncoding = 4; lastKnownFileType = sourcecode.cpp.cpp; name = dipxs_intb.cpp; path = tools/dipxs_intb.cpp; sourceTree = "<group>"; };
		1349C3F61C29CF1500B8EBA7 /* dipxs_intb.hpp */ = {isa = PBXFileReference; fileEncoding = 4; lastKnownFileType = sourcecode.cpp.h; name = dipxs_intb.hpp; path = tools/dipxs_intb.hpp; sourceTree = "<group>"; };
		1349C3F81C29F38B00B8EBA7 /* satscale.cpp */ = {isa = PBXFileReference; fileEncoding = 4; lastKnownFileType = sourcecode.cpp.cpp; name = satscale.cpp; path = tools/satscale.cpp; sourceTree = "<group>"; };
		137168431C9C3E76002C9873 /* basis_expansion.cpp */ = {isa = PBXFileReference; fileEncoding = 4; lastKnownFileType = sourcecode.cpp.cpp; name = basis_expansion.cpp; path = tools/basis_expansion.cpp; sourceTree = "<group>"; };
		1380AA6A1C57CAF000F8E9C8 /* spectra.py */ = {isa = PBXFileReference; fileEncoding = 4; lastKnownFileType = text.script.python; name = spectra.py; path = tools/spectra.py; sourceTree = "<group>"; };
		138FE4A61C7BC85F0078E11F /* average_amplitude.cpp */ = {isa = PBXFileReference; fileEncoding = 4; lastKnownFileType = sourcecode.cpp.cpp; name = average_amplitude.cpp; path = tools/average_amplitude.cpp; sourceTree = "<group>"; };
		13E399CC1CFF6A9B002471F5 /* virtual_photon.cpp */ = {isa = PBXFileReference; fileEncoding = 4; lastKnownFileType = sourcecode.cpp.cpp; name = virtual_photon.cpp; path = src/virtual_photon.cpp; sourceTree = "<group>"; };
		13E399CD1CFF6A9B002471F5 /* virtual_photon.hpp */ = {isa = PBXFileReference; fileEncoding = 4; lastKnownFileType = sourcecode.cpp.h; name = virtual_photon.hpp; path = src/virtual_photon.hpp; sourceTree = "<group>"; };
		13E399CE1CFF6B61002471F5 /* dis.cpp */ = {isa = PBXFileReference; fileEncoding = 4; lastKnownFileType = sourcecode.cpp.cpp; name = dis.cpp; path = src/dis.cpp; sourceTree = "<group>"; };
		13E399CF1CFF6B61002471F5 /* dis.hpp */ = {isa = PBXFileReference; fileEncoding = 4; lastKnownFileType = sourcecode.cpp.h; name = dis.hpp; path = src/dis.hpp; sourceTree = "<group>"; };
		13E8924C1D63B62000DA2C38 /* modified_ipsat.cpp */ = {isa = PBXFileReference; fileEncoding = 4; lastKnownFileType = sourcecode.cpp.cpp; name = modified_ipsat.cpp; path = tools/modified_ipsat.cpp; sourceTree = "<group>"; };
/* End PBXFileReference section */

/* Begin PBXFrameworksBuildPhase section */
		120170151BDA883A00A440E4 /* Frameworks */ = {
			isa = PBXFrameworksBuildPhase;
			buildActionMask = 2147483647;
			files = (
			);
			runOnlyForDeploymentPostprocessing = 0;
		};
/* End PBXFrameworksBuildPhase section */

/* Begin PBXGroup section */
		120170191BDA883A00A440E4 /* Products */ = {
			isa = PBXGroup;
			children = (
				120170181BDA883A00A440E4 /* SubNucleonDiffraction */,
			);
			name = Products;
			sourceTree = "<group>";
		};
		1201701A1BDA883A00A440E4 /* SubNucleonDiffraction */ = {
			isa = PBXGroup;
			children = (
			);
			path = SubNucleonDiffraction;
			sourceTree = "<group>";
		};
		12B5191B1BD9765200230988 = {
			isa = PBXGroup;
			children = (
				132CC8E41E6474D800F69393 /* gaus_lc.cpp */,
				132CC8E51E6474D800F69393 /* gaus_lc.h */,
				13E399CC1CFF6A9B002471F5 /* virtual_photon.cpp */,
				13E399CD1CFF6A9B002471F5 /* virtual_photon.hpp */,
				138FE4A61C7BC85F0078E11F /* average_amplitude.cpp */,
				12117B6B1BDE537700D2BF9A /* vector.cpp */,
				12117B6C1BDE537700D2BF9A /* vector.hpp */,
				120170231BDAA9F100A440E4 /* ipsat_nucleons.cpp */,
				12F69EFC1BE16FE10045E7DD /* ipglasma.cpp */,
				12F69EFD1BE16FE10045E7DD /* ipglasma.hpp */,
				120170241BDAA9F100A440E4 /* ipsat_nucleons.hpp */,
				1217F7801C0509E50008A90C /* nucleons.cpp */,
				1217F7811C0509E50008A90C /* nucleons.hpp */,
				123E8F861BFA76F700681374 /* ipsat_proton.cpp */,
				137168431C9C3E76002C9873 /* basis_expansion.cpp */,
				1217F7831C11EA830008A90C /* sample_color_charges.cpp */,
				1217F7841C11EA830008A90C /* sample_color_charges.hpp */,
				123E8F871BFA76F700681374 /* ipsat_proton.hpp */,
				120170121BDA7EE600A440E4 /* gdist_dglap.cpp */,
				120170131BDA7EE600A440E4 /* gdist_dglap.hpp */,
				12B519301BD982E700230988 /* tools */,
				12B5192E1BD9825400230988 /* tools.cpp */,
				12B5192F1BD9825400230988 /* tools.hpp */,
				12B5192D1BD979D000230988 /* Makefile */,
				124AC6961BE3A4940020E15E /* filelist.m */,
				12B519261BD976AB00230988 /* dipole.cpp */,
				12B519271BD976AB00230988 /* dipole.hpp */,
				1349C3F81C29F38B00B8EBA7 /* satscale.cpp */,
				13E8924C1D63B62000DA2C38 /* modified_ipsat.cpp */,
				12B519311BD98AB900230988 /* smooth_ws_nuke.cpp */,
				12B519331BD98F8F00230988 /* diffraction.cpp */,
				12B519341BD98F8F00230988 /* diffraction.hpp */,
				13E399CE1CFF6B61002471F5 /* dis.cpp */,
				13E399CF1CFF6B61002471F5 /* dis.hpp */,
				12B519321BD98AB900230988 /* smooth_ws_nuke.hpp */,
				12B519281BD976AB00230988 /* gauss_boost.cpp */,
				12F69EF91BE162F00045E7DD /* wilsonline.cpp */,
				12F69EFA1BE162F00045E7DD /* wilsonline.hpp */,
				12B519291BD976AB00230988 /* gauss_boost.hpp */,
				12B5192A1BD976AB00230988 /* main.cpp */,
				1349C3F51C29CF1500B8EBA7 /* dipxs_intb.cpp */,
				1349C3F61C29CF1500B8EBA7 /* dipxs_intb.hpp */,
				12F64BC41BE01203007C4F02 /* subnucleon_config.hpp */,
				12F504E51BECEFA3005540EF /* subnucleon_config.cpp */,
				128186081BDE9AB60062FF52 /* average_spectra.py */,
				1380AA6A1C57CAF000F8E9C8 /* spectra.py */,
				12B5192B1BD976AB00230988 /* wave_function.cpp */,
				12B5192C1BD976AB00230988 /* wave_function.hpp */,
				1201701A1BDA883A00A440E4 /* SubNucleonDiffraction */,
				120170191BDA883A00A440E4 /* Products */,
			);
			sourceTree = "<group>";
		};
/* End PBXGroup section */

/* Begin PBXLegacyTarget section */
		12B519201BD9765200230988 /* SubNucleon diffraction */ = {
			isa = PBXLegacyTarget;
			buildArgumentsString = "$(ACTION)";
			buildConfigurationList = 12B519231BD9765200230988 /* Build configuration list for PBXLegacyTarget "SubNucleon diffraction" */;
			buildPhases = (
			);
			buildToolPath = /usr/bin/make;
			buildWorkingDirectory = /Users/heikkimantysaari/code/subnucleondiffraction;
			dependencies = (
			);
			name = "SubNucleon diffraction";
			passBuildSettingsInEnvironment = 1;
			productName = "SubNucleon diffraction";
		};
/* End PBXLegacyTarget section */

/* Begin PBXNativeTarget section */
		120170171BDA883A00A440E4 /* SubNucleonDiffraction */ = {
			isa = PBXNativeTarget;
			buildConfigurationList = 1201701D1BDA883A00A440E4 /* Build configuration list for PBXNativeTarget "SubNucleonDiffraction" */;
			buildPhases = (
				120170141BDA883A00A440E4 /* Sources */,
				120170151BDA883A00A440E4 /* Frameworks */,
				120170161BDA883A00A440E4 /* CopyFiles */,
			);
			buildRules = (
			);
			dependencies = (
			);
			name = SubNucleonDiffraction;
			productName = SubNucleonDiffraction;
			productReference = 120170181BDA883A00A440E4 /* SubNucleonDiffraction */;
			productType = "com.apple.product-type.tool";
		};
/* End PBXNativeTarget section */

/* Begin PBXProject section */
		12B5191C1BD9765200230988 /* Project object */ = {
			isa = PBXProject;
			attributes = {
				LastUpgradeCheck = 0700;
				ORGANIZATIONNAME = Heikki;
				TargetAttributes = {
					120170171BDA883A00A440E4 = {
						CreatedOnToolsVersion = 7.0.1;
					};
					12B519201BD9765200230988 = {
						CreatedOnToolsVersion = 7.0.1;
					};
				};
			};
			buildConfigurationList = 12B5191F1BD9765200230988 /* Build configuration list for PBXProject "SubNucleon diffraction" */;
			compatibilityVersion = "Xcode 3.2";
			developmentRegion = English;
			hasScannedForEncodings = 0;
			knownRegions = (
				en,
			);
			mainGroup = 12B5191B1BD9765200230988;
			productRefGroup = 120170191BDA883A00A440E4 /* Products */;
			projectDirPath = "";
			projectRoot = "";
			targets = (
				12B519201BD9765200230988 /* SubNucleon diffraction */,
				120170171BDA883A00A440E4 /* SubNucleonDiffraction */,
			);
		};
/* End PBXProject section */

/* Begin PBXSourcesBuildPhase section */
		120170141BDA883A00A440E4 /* Sources */ = {
			isa = PBXSourcesBuildPhase;
			buildActionMask = 2147483647;
			files = (
				13E399D01CFF6B61002471F5 /* dis.cpp in Sources */,
				13E8924D1D63B62000DA2C38 /* modified_ipsat.cpp in Sources */,
				1217F7851C11EA830008A90C /* sample_color_charges.cpp in Sources */,
				1217F7821C0509E50008A90C /* nucleons.cpp in Sources */,
				120170251BDAA9F100A440E4 /* ipsat_nucleons.cpp in Sources */,
				1349C3F71C29CF1500B8EBA7 /* dipxs_intb.cpp in Sources */,
				12F504E61BECEFA3005540EF /* subnucleon_config.cpp in Sources */,
				138FE4A71C7BC85F0078E11F /* average_amplitude.cpp in Sources */,
				137168441C9C3E76002C9873 /* basis_expansion.cpp in Sources */,
				1349C3F91C29F38B00B8EBA7 /* satscale.cpp in Sources */,
				12F69EFB1BE162F00045E7DD /* wilsonline.cpp in Sources */,
				12F69EFE1BE16FE10045E7DD /* ipglasma.cpp in Sources */,
				123E8F881BFA76F700681374 /* ipsat_proton.cpp in Sources */,
			);
			runOnlyForDeploymentPostprocessing = 0;
		};
/* End PBXSourcesBuildPhase section */

/* Begin XCBuildConfiguration section */
		1201701E1BDA883A00A440E4 /* Debug */ = {
			isa = XCBuildConfiguration;
			buildSettings = {
				MACOSX_DEPLOYMENT_TARGET = 10.11;
				PRODUCT_NAME = "$(TARGET_NAME)";
				SDKROOT = macosx;
			};
			name = Debug;
		};
		1201701F1BDA883A00A440E4 /* Release */ = {
			isa = XCBuildConfiguration;
			buildSettings = {
				MACOSX_DEPLOYMENT_TARGET = 10.11;
				PRODUCT_NAME = "$(TARGET_NAME)";
				SDKROOT = macosx;
			};
			name = Release;
		};
		12B519211BD9765200230988 /* Debug */ = {
			isa = XCBuildConfiguration;
			buildSettings = {
				ALWAYS_SEARCH_USER_PATHS = NO;
				CLANG_CXX_LANGUAGE_STANDARD = "gnu++0x";
				CLANG_CXX_LIBRARY = "libc++";
				CLANG_ENABLE_MODULES = YES;
				CLANG_ENABLE_OBJC_ARC = YES;
				CLANG_WARN_BOOL_CONVERSION = YES;
				CLANG_WARN_CONSTANT_CONVERSION = YES;
				CLANG_WARN_DIRECT_OBJC_ISA_USAGE = YES_ERROR;
				CLANG_WARN_EMPTY_BODY = YES;
				CLANG_WARN_ENUM_CONVERSION = YES;
				CLANG_WARN_INT_CONVERSION = YES;
				CLANG_WARN_OBJC_ROOT_CLASS = YES_ERROR;
				CLANG_WARN_UNREACHABLE_CODE = YES;
				CLANG_WARN__DUPLICATE_METHOD_MATCH = YES;
				COPY_PHASE_STRIP = NO;
				DEBUG_INFORMATION_FORMAT = dwarf;
				ENABLE_STRICT_OBJC_MSGSEND = YES;
				ENABLE_TESTABILITY = YES;
				GCC_C_LANGUAGE_STANDARD = gnu99;
				GCC_DYNAMIC_NO_PIC = NO;
				GCC_NO_COMMON_BLOCKS = YES;
				GCC_OPTIMIZATION_LEVEL = 0;
				GCC_PREPROCESSOR_DEFINITIONS = (
					"DEBUG=1",
					"$(inherited)",
				);
				GCC_WARN_64_TO_32_BIT_CONVERSION = YES;
				GCC_WARN_ABOUT_RETURN_TYPE = YES_ERROR;
				GCC_WARN_UNDECLARED_SELECTOR = YES;
				GCC_WARN_UNINITIALIZED_AUTOS = YES_AGGRESSIVE;
				GCC_WARN_UNUSED_FUNCTION = YES;
				GCC_WARN_UNUSED_VARIABLE = YES;
				MTL_ENABLE_DEBUG_INFO = YES;
				ONLY_ACTIVE_ARCH = YES;
			};
			name = Debug;
		};
		12B519221BD9765200230988 /* Release */ = {
			isa = XCBuildConfiguration;
			buildSettings = {
				ALWAYS_SEARCH_USER_PATHS = NO;
				CLANG_CXX_LANGUAGE_STANDARD = "gnu++0x";
				CLANG_CXX_LIBRARY = "libc++";
				CLANG_ENABLE_MODULES = YES;
				CLANG_ENABLE_OBJC_ARC = YES;
				CLANG_WARN_BOOL_CONVERSION = YES;
				CLANG_WARN_CONSTANT_CONVERSION = YES;
				CLANG_WARN_DIRECT_OBJC_ISA_USAGE = YES_ERROR;
				CLANG_WARN_EMPTY_BODY = YES;
				CLANG_WARN_ENUM_CONVERSION = YES;
				CLANG_WARN_INT_CONVERSION = YES;
				CLANG_WARN_OBJC_ROOT_CLASS = YES_ERROR;
				CLANG_WARN_UNREACHABLE_CODE = YES;
				CLANG_WARN__DUPLICATE_METHOD_MATCH = YES;
				COPY_PHASE_STRIP = NO;
				DEBUG_INFORMATION_FORMAT = "dwarf-with-dsym";
				ENABLE_NS_ASSERTIONS = NO;
				ENABLE_STRICT_OBJC_MSGSEND = YES;
				GCC_C_LANGUAGE_STANDARD = gnu99;
				GCC_NO_COMMON_BLOCKS = YES;
				GCC_WARN_64_TO_32_BIT_CONVERSION = YES;
				GCC_WARN_ABOUT_RETURN_TYPE = YES_ERROR;
				GCC_WARN_UNDECLARED_SELECTOR = YES;
				GCC_WARN_UNINITIALIZED_AUTOS = YES_AGGRESSIVE;
				GCC_WARN_UNUSED_FUNCTION = YES;
				GCC_WARN_UNUSED_VARIABLE = YES;
				MTL_ENABLE_DEBUG_INFO = NO;
			};
			name = Release;
		};
		12B519241BD9765200230988 /* Debug */ = {
			isa = XCBuildConfiguration;
			buildSettings = {
				DEBUGGING_SYMBOLS = YES;
				DEBUG_INFORMATION_FORMAT = dwarf;
				GCC_GENERATE_DEBUGGING_SYMBOLS = YES;
				GCC_OPTIMIZATION_LEVEL = 0;
				New_Setting = "";
				OTHER_CFLAGS = "-I/opt/local/include";
				OTHER_LDFLAGS = (
					"-L/opt/local/lib",
					"-lgsl",
					"-lgslcblas",
				);
				PRODUCT_NAME = "$(TARGET_NAME)";
			};
			name = Debug;
		};
		12B519251BD9765200230988 /* Release */ = {
			isa = XCBuildConfiguration;
			buildSettings = {
				DEBUG_INFORMATION_FORMAT = "dwarf-with-dsym";
				New_Setting = "";
				OTHER_CFLAGS = "-I/opt/local/include";
				OTHER_LDFLAGS = (
					"-L/opt/local/lib",
					"-lgsl",
					"-lgslcblas",
				);
				PRODUCT_NAME = "$(TARGET_NAME)";
			};
			name = Release;
		};
/* End XCBuildConfiguration section */

/* Begin XCConfigurationList section */
		1201701D1BDA883A00A440E4 /* Build configuration list for PBXNativeTarget "SubNucleonDiffraction" */ = {
			isa = XCConfigurationList;
			buildConfigurations = (
				1201701E1BDA883A00A440E4 /* Debug */,
				1201701F1BDA883A00A440E4 /* Release */,
			);
			defaultConfigurationIsVisible = 0;
			defaultConfigurationName = Release;
		};
		12B5191F1BD9765200230988 /* Build configuration list for PBXProject "SubNucleon diffraction" */ = {
			isa = XCConfigurationList;
			buildConfigurations = (
				12B519211BD9765200230988 /* Debug */,
				12B519221BD9765200230988 /* Release */,
			);
			defaultConfigurationIsVisible = 0;
			defaultConfigurationName = Release;
		};
		12B519231BD9765200230988 /* Build configuration list for PBXLegacyTarget "SubNucleon diffraction" */ = {
			isa = XCConfigurationList;
			buildConfigurations = (
				12B519241BD9765200230988 /* Debug */,
				12B519251BD9765200230988 /* Release */,
			);
			defaultConfigurationIsVisible = 0;
			defaultConfigurationName = Release;
		};
/* End XCConfigurationList section */
	};
	rootObject = 12B5191C1BD9765200230988 /* Project object */;
}
